
Microsoft Visual Studio Solution File, Format Version 12.00
# Visual Studio Version 16
VisualStudioVersion = 16.0.30804.86
MinimumVisualStudioVersion = 10.0.40219.1
Project("{FAE04EC0-301F-11D3-BF4B-00C04F79EFBC}") = "MatchGame", "MatchGame.csproj", "{5E634F2D-17F9-46EC-8ABA-69780F8A2B08}"
EndProject
Global
	GlobalSection(SolutionConfigurationPlatforms) = preSolution
		Debug|Any CPU = Debug|Any CPU
		Release|Any CPU = Release|Any CPU
	EndGlobalSection
	GlobalSection(ProjectConfigurationPlatforms) = postSolution
		{5E634F2D-17F9-46EC-8ABA-69780F8A2B08}.Debug|Any CPU.ActiveCfg = Debug|Any CPU
		{5E634F2D-17F9-46EC-8ABA-69780F8A2B08}.Debug|Any CPU.Build.0 = Debug|Any CPU
		{5E634F2D-17F9-46EC-8ABA-69780F8A2B08}.Release|Any CPU.ActiveCfg = Release|Any CPU
		{5E634F2D-17F9-46EC-8ABA-69780F8A2B08}.Release|Any CPU.Build.0 = Release|Any CPU
	EndGlobalSection
	GlobalSection(SolutionProperties) = preSolution
		HideSolutionNode = FALSE
	EndGlobalSection
	GlobalSection(ExtensibilityGlobals) = postSolution
		SolutionGuid = {EF4AFCE5-5FDC-4419-851B-C71940820DD8}
	EndGlobalSection
EndGlobal
